
Microsoft Visual Studio Solution File, Format Version 12.00
# Visual Studio 15
VisualStudioVersion = 15.0.28307.757
MinimumVisualStudioVersion = 10.0.40219.1
Project("{888888A0-9F3D-457C-B088-3A5042F75D52}") = "reader", "reader\reader.pyproj", "{818CCE1F-B82F-4708-8F27-DFE551A45A03}"
EndProject
Global
	GlobalSection(SolutionConfigurationPlatforms) = preSolution
		Debug|Any CPU = Debug|Any CPU
		Release|Any CPU = Release|Any CPU
	EndGlobalSection
	GlobalSection(ProjectConfigurationPlatforms) = postSolution
		{818CCE1F-B82F-4708-8F27-DFE551A45A03}.Debug|Any CPU.ActiveCfg = Debug|Any CPU
		{818CCE1F-B82F-4708-8F27-DFE551A45A03}.Release|Any CPU.ActiveCfg = Release|Any CPU
	EndGlobalSection
	GlobalSection(SolutionProperties) = preSolution
		HideSolutionNode = FALSE
	EndGlobalSection
	GlobalSection(ExtensibilityGlobals) = postSolution
		SolutionGuid = {4212C2B7-2233-4BF8-BBCB-68363C0EDA25}
	EndGlobalSection
EndGlobal
